{
  "version": 4,
  "terraform_version": "1.9.3",
  "serial": 93,
  "lineage": "37c898be-6bb5-cd12-621e-55003a43baf6",
  "outputs": {},
  "resources": [
    {
      "mode": "managed",
      "type": "azurerm_app_service",
      "name": "frontend",
      "provider": "provider[\"registry.terraform.io/hashicorp/azurerm\"]",
      "instances": [
        {
          "schema_version": 0,
          "attributes": {
            "app_service_plan_id": "/subscriptions/019b389a-bbcd-4a53-89ea-e65cbf7bce18/resourceGroups/frontend2325/providers/Microsoft.Web/serverFarms/app-service-plan-name",
            "app_settings": {
              "DOCKER_REGISTRY_SERVER_URL": "https://mtarekacr1234.azurecr.io"
            },
            "auth_settings": [
              {
                "active_directory": [],
                "additional_login_params": {},
                "allowed_external_redirect_urls": [],
                "default_provider": "",
                "enabled": false,
                "facebook": [],
                "google": [],
                "issuer": "",
                "microsoft": [],
                "runtime_version": "",
                "token_refresh_extension_hours": 0,
                "token_store_enabled": false,
                "twitter": [],
                "unauthenticated_client_action": ""
              }
            ],
            "backup": [],
            "client_affinity_enabled": false,
            "client_cert_enabled": false,
            "client_cert_mode": "Required",
            "connection_string": [],
            "custom_domain_verification_id": "1A0E0ADAB2B87D1E568FCE141EDFB76FD84FF2F6BA6CC239CF2DDA1F6890775D",
            "default_site_hostname": "frontend2325.azurewebsites.net",
            "enabled": true,
            "https_only": false,
            "id": "/subscriptions/019b389a-bbcd-4a53-89ea-e65cbf7bce18/resourceGroups/frontend2325/providers/Microsoft.Web/sites/frontend2325",
            "identity": [
              {
                "identity_ids": [],
                "principal_id": "69d3bc09-1037-436f-ad87-2a5e5f21771f",
                "tenant_id": "eaf624c8-a0c4-4195-87d2-443e5d7516cd",
                "type": "SystemAssigned"
              }
            ],
            "key_vault_reference_identity_id": "SystemAssigned",
            "location": "eastus",
            "logs": [
              {
                "application_logs": [
                  {
                    "azure_blob_storage": [],
                    "file_system_level": "Off"
                  }
                ],
                "detailed_error_messages_enabled": false,
                "failed_request_tracing_enabled": false,
                "http_logs": [
                  {
                    "azure_blob_storage": [],
                    "file_system": []
                  }
                ]
              }
            ],
            "name": "frontend2325",
            "outbound_ip_address_list": [
              "40.117.215.11",
              "40.76.9.115",
              "13.68.199.96",
              "40.117.113.125",
              "40.71.11.134"
            ],
            "outbound_ip_addresses": "40.117.215.11,40.76.9.115,13.68.199.96,40.117.113.125,40.71.11.134",
            "possible_outbound_ip_address_list": [
              "40.117.215.11",
              "40.76.9.115",
              "13.68.199.96",
              "40.117.113.125",
              "40.114.121.56",
              "13.68.202.75",
              "40.76.0.204",
              "40.76.10.230",
              "40.76.27.228",
              "20.246.145.104",
              "20.246.145.114",
              "20.246.145.134",
              "20.246.145.219",
              "20.246.146.27",
              "20.246.146.114",
              "20.246.146.163",
              "20.246.146.209",
              "20.246.147.9",
              "20.246.147.23",
              "20.246.147.42",
              "20.246.147.167",
              "40.71.11.134"
            ],
            "possible_outbound_ip_addresses": "40.117.215.11,40.76.9.115,13.68.199.96,40.117.113.125,40.114.121.56,13.68.202.75,40.76.0.204,40.76.10.230,40.76.27.228,20.246.145.104,20.246.145.114,20.246.145.134,20.246.145.219,20.246.146.27,20.246.146.114,20.246.146.163,20.246.146.209,20.246.147.9,20.246.147.23,20.246.147.42,20.246.147.167,40.71.11.134",
            "resource_group_name": "frontend2325",
            "site_config": [
              {
                "acr_use_managed_identity_credentials": false,
                "acr_user_managed_identity_client_id": "",
                "always_on": false,
                "app_command_line": "",
                "auto_swap_slot_name": "",
                "cors": [
                  {
                    "allowed_origins": [],
                    "support_credentials": false
                  }
                ],
                "default_documents": [],
                "dotnet_framework_version": "v4.0",
                "ftps_state": "FtpsOnly",
                "health_check_path": "",
                "http2_enabled": false,
                "ip_restriction": [
                  {
                    "action": "Allow",
                    "headers": [],
                    "ip_address": "",
                    "name": "Allow APP GW",
                    "priority": 100,
                    "service_tag": "",
                    "virtual_network_subnet_id": "/subscriptions/019b389a-bbcd-4a53-89ea-e65cbf7bce18/resourceGroups/frontend2325/providers/Microsoft.Network/virtualNetworks/ansumanapp-vnet/subnets/appgw-subnet"
                  }
                ],
                "java_container": "",
                "java_container_version": "",
                "java_version": "",
                "linux_fx_version": "DOCKER|mtarekacr1234.azurecr.io/micro:latest",
                "local_mysql_enabled": false,
                "managed_pipeline_mode": "Integrated",
                "min_tls_version": "1.2",
                "number_of_workers": 1,
                "php_version": "",
                "python_version": "",
                "remote_debugging_enabled": false,
                "remote_debugging_version": "VS2022",
                "scm_ip_restriction": [],
                "scm_type": "None",
                "scm_use_main_ip_restriction": false,
                "use_32_bit_worker_process": false,
                "vnet_route_all_enabled": false,
                "websockets_enabled": false,
                "windows_fx_version": ""
              }
            ],
            "site_credential": [
              {
                "password": "pWownS25EijbGpiwc7NNEsehugmT1w6bmryY3MYD5prKnxjBZleoB0BX8Mo6",
                "username": "$frontend2325"
              }
            ],
            "source_control": [
              {
                "branch": "main",
                "manual_integration": false,
                "repo_url": "",
                "rollback_enabled": false,
                "use_mercurial": false
              }
            ],
            "storage_account": [],
            "tags": {},
            "timeouts": null
          },
          "sensitive_attributes": [],
          "private": "eyJlMmJmYjczMC1lY2FhLTExZTYtOGY4OC0zNDM2M2JjN2M0YzAiOnsiY3JlYXRlIjoxODAwMDAwMDAwMDAwLCJkZWxldGUiOjE4MDAwMDAwMDAwMDAsInJlYWQiOjMwMDAwMDAwMDAwMCwidXBkYXRlIjoxODAwMDAwMDAwMDAwfX0=",
          "dependencies": [
            "azurerm_app_service_plan.main",
            "azurerm_resource_group.main",
            "azurerm_subnet.appgw",
            "azurerm_virtual_network.vnet"
          ]
        }
      ]
    },
    {
      "mode": "managed",
      "type": "azurerm_app_service_plan",
      "name": "main",
      "provider": "provider[\"registry.terraform.io/hashicorp/azurerm\"]",
      "instances": [
        {
          "schema_version": 1,
          "attributes": {
            "app_service_environment_id": "",
            "id": "/subscriptions/019b389a-bbcd-4a53-89ea-e65cbf7bce18/resourceGroups/frontend2325/providers/Microsoft.Web/serverFarms/app-service-plan-name",
            "is_xenon": false,
            "kind": "linux",
            "location": "eastus",
            "maximum_elastic_worker_count": 1,
            "maximum_number_of_workers": 10,
            "name": "app-service-plan-name",
            "per_site_scaling": false,
            "reserved": true,
            "resource_group_name": "frontend2325",
            "sku": [
              {
                "capacity": 1,
                "size": "S1",
                "tier": "Standard"
              }
            ],
            "tags": {},
            "timeouts": null,
            "zone_redundant": false
          },
          "sensitive_attributes": [],
          "private": "eyJlMmJmYjczMC1lY2FhLTExZTYtOGY4OC0zNDM2M2JjN2M0YzAiOnsiY3JlYXRlIjozNjAwMDAwMDAwMDAwLCJkZWxldGUiOjM2MDAwMDAwMDAwMDAsInJlYWQiOjMwMDAwMDAwMDAwMCwidXBkYXRlIjozNjAwMDAwMDAwMDAwfSwic2NoZW1hX3ZlcnNpb24iOiIxIn0=",
          "dependencies": [
            "azurerm_resource_group.main"
          ]
        }
      ]
    },
    {
      "mode": "managed",
      "type": "azurerm_application_gateway",
      "name": "agw",
      "provider": "provider[\"registry.terraform.io/hashicorp/azurerm\"]",
      "instances": [
        {
          "schema_version": 0,
          "attributes": {
            "authentication_certificate": [],
            "autoscale_configuration": [],
            "backend_address_pool": [
              {
                "fqdns": [
                  "frontend2325.azurewebsites.net"
                ],
                "id": "/subscriptions/019b389a-bbcd-4a53-89ea-e65cbf7bce18/resourceGroups/frontend2325/providers/Microsoft.Network/applicationGateways/ansuman-agw/backendAddressPools/AppService",
                "ip_addresses": [],
                "name": "AppService"
              }
            ],
            "backend_http_settings": [
              {
                "affinity_cookie_name": "",
                "authentication_certificate": [],
                "connection_draining": [],
                "cookie_based_affinity": "Disabled",
                "host_name": "",
                "id": "/subscriptions/019b389a-bbcd-4a53-89ea-e65cbf7bce18/resourceGroups/frontend2325/providers/Microsoft.Network/applicationGateways/ansuman-agw/backendHttpSettingsCollection/http",
                "name": "http",
                "path": "",
                "pick_host_name_from_backend_address": true,
                "port": 80,
                "probe_id": "/subscriptions/019b389a-bbcd-4a53-89ea-e65cbf7bce18/resourceGroups/frontend2325/providers/Microsoft.Network/applicationGateways/ansuman-agw/probes/probe",
                "probe_name": "probe",
                "protocol": "Http",
                "request_timeout": 1,
                "trusted_root_certificate_names": []
              }
            ],
            "custom_error_configuration": [],
            "enable_http2": false,
            "fips_enabled": false,
            "firewall_policy_id": "",
            "force_firewall_policy_association": false,
            "frontend_ip_configuration": [
              {
                "id": "/subscriptions/019b389a-bbcd-4a53-89ea-e65cbf7bce18/resourceGroups/frontend2325/providers/Microsoft.Network/applicationGateways/ansuman-agw/frontendIPConfigurations/frontend",
                "name": "frontend",
                "private_ip_address": "",
                "private_ip_address_allocation": "Dynamic",
                "private_link_configuration_id": "",
                "private_link_configuration_name": "",
                "public_ip_address_id": "/subscriptions/019b389a-bbcd-4a53-89ea-e65cbf7bce18/resourceGroups/frontend2325/providers/Microsoft.Network/publicIPAddresses/ansuman-agw-pip",
                "subnet_id": ""
              }
            ],
            "frontend_port": [
              {
                "id": "/subscriptions/019b389a-bbcd-4a53-89ea-e65cbf7bce18/resourceGroups/frontend2325/providers/Microsoft.Network/applicationGateways/ansuman-agw/frontendPorts/http",
                "name": "http",
                "port": 80
              }
            ],
            "gateway_ip_configuration": [
              {
                "id": "/subscriptions/019b389a-bbcd-4a53-89ea-e65cbf7bce18/resourceGroups/frontend2325/providers/Microsoft.Network/applicationGateways/ansuman-agw/gatewayIPConfigurations/subnet",
                "name": "subnet",
                "subnet_id": "/subscriptions/019b389a-bbcd-4a53-89ea-e65cbf7bce18/resourceGroups/frontend2325/providers/Microsoft.Network/virtualNetworks/ansumanapp-vnet/subnets/appgw-subnet"
              }
            ],
            "global": [],
            "http_listener": [
              {
                "custom_error_configuration": [],
                "firewall_policy_id": "",
                "frontend_ip_configuration_id": "/subscriptions/019b389a-bbcd-4a53-89ea-e65cbf7bce18/resourceGroups/frontend2325/providers/Microsoft.Network/applicationGateways/ansuman-agw/frontendIPConfigurations/frontend",
                "frontend_ip_configuration_name": "frontend",
                "frontend_port_id": "/subscriptions/019b389a-bbcd-4a53-89ea-e65cbf7bce18/resourceGroups/frontend2325/providers/Microsoft.Network/applicationGateways/ansuman-agw/frontendPorts/http",
                "frontend_port_name": "http",
                "host_name": "",
                "host_names": [],
                "id": "/subscriptions/019b389a-bbcd-4a53-89ea-e65cbf7bce18/resourceGroups/frontend2325/providers/Microsoft.Network/applicationGateways/ansuman-agw/httpListeners/http",
                "name": "http",
                "protocol": "Http",
                "require_sni": false,
                "ssl_certificate_id": "",
                "ssl_certificate_name": "",
                "ssl_profile_id": "",
                "ssl_profile_name": ""
              }
            ],
            "id": "/subscriptions/019b389a-bbcd-4a53-89ea-e65cbf7bce18/resourceGroups/frontend2325/providers/Microsoft.Network/applicationGateways/ansuman-agw",
            "identity": [],
            "location": "eastus",
            "name": "ansuman-agw",
            "private_endpoint_connection": [],
            "private_link_configuration": [],
            "probe": [
              {
                "host": "frontend2325.azurewebsites.net",
                "id": "/subscriptions/019b389a-bbcd-4a53-89ea-e65cbf7bce18/resourceGroups/frontend2325/providers/Microsoft.Network/applicationGateways/ansuman-agw/probes/probe",
                "interval": 30,
                "match": [
                  {
                    "body": "",
                    "status_code": [
                      "200-399"
                    ]
                  }
                ],
                "minimum_servers": 0,
                "name": "probe",
                "path": "/users",
                "pick_host_name_from_backend_http_settings": false,
                "port": 0,
                "protocol": "Http",
                "timeout": 30,
                "unhealthy_threshold": 3
              }
            ],
            "redirect_configuration": [],
            "request_routing_rule": [
              {
                "backend_address_pool_id": "/subscriptions/019b389a-bbcd-4a53-89ea-e65cbf7bce18/resourceGroups/frontend2325/providers/Microsoft.Network/applicationGateways/ansuman-agw/backendAddressPools/AppService",
                "backend_address_pool_name": "AppService",
                "backend_http_settings_id": "/subscriptions/019b389a-bbcd-4a53-89ea-e65cbf7bce18/resourceGroups/frontend2325/providers/Microsoft.Network/applicationGateways/ansuman-agw/backendHttpSettingsCollection/http",
                "backend_http_settings_name": "http",
                "http_listener_id": "/subscriptions/019b389a-bbcd-4a53-89ea-e65cbf7bce18/resourceGroups/frontend2325/providers/Microsoft.Network/applicationGateways/ansuman-agw/httpListeners/http",
                "http_listener_name": "http",
                "id": "/subscriptions/019b389a-bbcd-4a53-89ea-e65cbf7bce18/resourceGroups/frontend2325/providers/Microsoft.Network/applicationGateways/ansuman-agw/requestRoutingRules/http",
                "name": "http",
                "priority": 1,
                "redirect_configuration_id": "",
                "redirect_configuration_name": "",
                "rewrite_rule_set_id": "",
                "rewrite_rule_set_name": "",
                "rule_type": "Basic",
                "url_path_map_id": "",
                "url_path_map_name": ""
              }
            ],
            "resource_group_name": "frontend2325",
            "rewrite_rule_set": [],
            "sku": [
              {
                "capacity": 2,
                "name": "Standard_v2",
                "tier": "Standard_v2"
              }
            ],
            "ssl_certificate": [],
            "ssl_policy": [
              {
                "cipher_suites": [],
                "disabled_protocols": [],
                "min_protocol_version": "",
                "policy_name": "AppGwSslPolicy20150501",
                "policy_type": "Predefined"
              }
            ],
            "ssl_profile": [],
            "tags": {},
            "timeouts": null,
            "trusted_client_certificate": [],
            "trusted_root_certificate": [],
            "url_path_map": [],
            "waf_configuration": [],
            "zones": []
          },
          "sensitive_attributes": [],
          "private": "eyJlMmJmYjczMC1lY2FhLTExZTYtOGY4OC0zNDM2M2JjN2M0YzAiOnsiY3JlYXRlIjo1NDAwMDAwMDAwMDAwLCJkZWxldGUiOjU0MDAwMDAwMDAwMDAsInJlYWQiOjMwMDAwMDAwMDAwMCwidXBkYXRlIjo1NDAwMDAwMDAwMDAwfX0=",
          "dependencies": [
            "azurerm_app_service.frontend",
            "azurerm_app_service_plan.main",
            "azurerm_public_ip.agw",
            "azurerm_resource_group.main",
            "azurerm_subnet.appgw",
            "azurerm_virtual_network.vnet"
          ]
        }
      ]
    },
    {
      "mode": "managed",
      "type": "azurerm_container_registry",
      "name": "acr",
      "provider": "provider[\"registry.terraform.io/hashicorp/azurerm\"]",
      "instances": [
        {
          "schema_version": 2,
          "attributes": {
            "admin_enabled": true,
            "admin_password": "b0iZyAQE/Lnqyc1w0cW9YXieF4RFaFEW+QFVBRLNpU+ACRCGkTG8",
            "admin_username": "mtarekacr1234",
            "anonymous_pull_enabled": false,
            "data_endpoint_enabled": false,
            "encryption": [
              {
                "enabled": false,
                "identity_client_id": "",
                "key_vault_key_id": ""
              }
            ],
            "export_policy_enabled": true,
            "georeplications": [],
            "id": "/subscriptions/019b389a-bbcd-4a53-89ea-e65cbf7bce18/resourceGroups/frontend2325/providers/Microsoft.ContainerRegistry/registries/mtarekacr1234",
            "identity": [],
            "location": "eastus",
            "login_server": "mtarekacr1234.azurecr.io",
            "name": "mtarekacr1234",
            "network_rule_bypass_option": "AzureServices",
            "network_rule_set": [],
            "public_network_access_enabled": true,
            "quarantine_policy_enabled": false,
            "resource_group_name": "frontend2325",
            "retention_policy": [
              {
                "days": 7,
                "enabled": false
              }
            ],
            "sku": "Basic",
            "tags": {},
            "timeouts": null,
            "trust_policy": [
              {
                "enabled": false
              }
            ],
            "zone_redundancy_enabled": false
          },
          "sensitive_attributes": [
            [
              {
                "type": "get_attr",
                "value": "admin_password"
              }
            ]
          ],
          "private": "eyJlMmJmYjczMC1lY2FhLTExZTYtOGY4OC0zNDM2M2JjN2M0YzAiOnsiY3JlYXRlIjoxODAwMDAwMDAwMDAwLCJkZWxldGUiOjE4MDAwMDAwMDAwMDAsInJlYWQiOjMwMDAwMDAwMDAwMCwidXBkYXRlIjoxODAwMDAwMDAwMDAwfSwic2NoZW1hX3ZlcnNpb24iOiIyIn0=",
          "dependencies": [
            "azurerm_resource_group.main"
          ]
        }
      ]
    },
    {
      "mode": "managed",
      "type": "azurerm_public_ip",
      "name": "agw",
      "provider": "provider[\"registry.terraform.io/hashicorp/azurerm\"]",
      "instances": [
        {
          "schema_version": 0,
          "attributes": {
            "allocation_method": "Static",
            "ddos_protection_mode": "VirtualNetworkInherited",
            "ddos_protection_plan_id": null,
            "domain_name_label": null,
            "edge_zone": "",
            "fqdn": null,
            "id": "/subscriptions/019b389a-bbcd-4a53-89ea-e65cbf7bce18/resourceGroups/frontend2325/providers/Microsoft.Network/publicIPAddresses/ansuman-agw-pip",
            "idle_timeout_in_minutes": 4,
            "ip_address": "74.235.17.14",
            "ip_tags": {},
            "ip_version": "IPv4",
            "location": "eastus",
            "name": "ansuman-agw-pip",
            "public_ip_prefix_id": null,
            "resource_group_name": "frontend2325",
            "reverse_fqdn": null,
            "sku": "Standard",
            "sku_tier": "Regional",
            "tags": {},
            "timeouts": null,
            "zones": []
          },
          "sensitive_attributes": [],
          "private": "eyJlMmJmYjczMC1lY2FhLTExZTYtOGY4OC0zNDM2M2JjN2M0YzAiOnsiY3JlYXRlIjoxODAwMDAwMDAwMDAwLCJkZWxldGUiOjE4MDAwMDAwMDAwMDAsInJlYWQiOjMwMDAwMDAwMDAwMCwidXBkYXRlIjoxODAwMDAwMDAwMDAwfX0=",
          "dependencies": [
            "azurerm_resource_group.main"
          ]
        }
      ]
    },
    {
      "mode": "managed",
      "type": "azurerm_resource_group",
      "name": "main",
      "provider": "provider[\"registry.terraform.io/hashicorp/azurerm\"]",
      "instances": [
        {
          "schema_version": 0,
          "attributes": {
            "id": "/subscriptions/019b389a-bbcd-4a53-89ea-e65cbf7bce18/resourceGroups/frontend2325",
            "location": "eastus",
            "managed_by": "",
            "name": "frontend2325",
            "tags": {
              "Application": "micro",
              "Author": "Mostafa (Melsayed)"
            },
            "timeouts": null
          },
          "sensitive_attributes": [],
          "private": "eyJlMmJmYjczMC1lY2FhLTExZTYtOGY4OC0zNDM2M2JjN2M0YzAiOnsiY3JlYXRlIjo1NDAwMDAwMDAwMDAwLCJkZWxldGUiOjU0MDAwMDAwMDAwMDAsInJlYWQiOjMwMDAwMDAwMDAwMCwidXBkYXRlIjo1NDAwMDAwMDAwMDAwfX0="
        }
      ]
    },
    {
      "mode": "managed",
      "type": "azurerm_subnet",
      "name": "appgw",
      "provider": "provider[\"registry.terraform.io/hashicorp/azurerm\"]",
      "instances": [
        {
          "schema_version": 0,
          "attributes": {
            "address_prefixes": [
              "10.4.2.0/24"
            ],
            "default_outbound_access_enabled": true,
            "delegation": [],
            "enforce_private_link_endpoint_network_policies": false,
            "enforce_private_link_service_network_policies": false,
            "id": "/subscriptions/019b389a-bbcd-4a53-89ea-e65cbf7bce18/resourceGroups/frontend2325/providers/Microsoft.Network/virtualNetworks/ansumanapp-vnet/subnets/appgw-subnet",
            "name": "appgw-subnet",
            "private_endpoint_network_policies": "Enabled",
            "private_endpoint_network_policies_enabled": true,
            "private_link_service_network_policies_enabled": true,
            "resource_group_name": "frontend2325",
            "service_endpoint_policy_ids": [],
            "service_endpoints": [
              "Microsoft.Web"
            ],
            "timeouts": null,
            "virtual_network_name": "ansumanapp-vnet"
          },
          "sensitive_attributes": [],
          "private": "eyJlMmJmYjczMC1lY2FhLTExZTYtOGY4OC0zNDM2M2JjN2M0YzAiOnsiY3JlYXRlIjoxODAwMDAwMDAwMDAwLCJkZWxldGUiOjE4MDAwMDAwMDAwMDAsInJlYWQiOjMwMDAwMDAwMDAwMCwidXBkYXRlIjoxODAwMDAwMDAwMDAwfX0=",
          "dependencies": [
            "azurerm_resource_group.main",
            "azurerm_virtual_network.vnet"
          ]
        }
      ]
    },
    {
      "mode": "managed",
      "type": "azurerm_subnet",
      "name": "appserv",
      "provider": "provider[\"registry.terraform.io/hashicorp/azurerm\"]",
      "instances": [
        {
          "schema_version": 0,
          "attributes": {
            "address_prefixes": [
              "10.4.1.0/24"
            ],
            "default_outbound_access_enabled": true,
            "delegation": [],
            "enforce_private_link_endpoint_network_policies": false,
            "enforce_private_link_service_network_policies": false,
            "id": "/subscriptions/019b389a-bbcd-4a53-89ea-e65cbf7bce18/resourceGroups/frontend2325/providers/Microsoft.Network/virtualNetworks/ansumanapp-vnet/subnets/frontend-app",
            "name": "frontend-app",
            "private_endpoint_network_policies": "Enabled",
            "private_endpoint_network_policies_enabled": true,
            "private_link_service_network_policies_enabled": true,
            "resource_group_name": "frontend2325",
            "service_endpoint_policy_ids": [],
            "service_endpoints": [
              "Microsoft.Web"
            ],
            "timeouts": null,
            "virtual_network_name": "ansumanapp-vnet"
          },
          "sensitive_attributes": [],
          "private": "eyJlMmJmYjczMC1lY2FhLTExZTYtOGY4OC0zNDM2M2JjN2M0YzAiOnsiY3JlYXRlIjoxODAwMDAwMDAwMDAwLCJkZWxldGUiOjE4MDAwMDAwMDAwMDAsInJlYWQiOjMwMDAwMDAwMDAwMCwidXBkYXRlIjoxODAwMDAwMDAwMDAwfX0=",
          "dependencies": [
            "azurerm_resource_group.main",
            "azurerm_virtual_network.vnet"
          ]
        }
      ]
    },
    {
      "mode": "managed",
      "type": "azurerm_virtual_network",
      "name": "vnet",
      "provider": "provider[\"registry.terraform.io/hashicorp/azurerm\"]",
      "instances": [
        {
          "schema_version": 0,
          "attributes": {
            "address_space": [
              "10.4.0.0/16"
            ],
            "bgp_community": "",
            "ddos_protection_plan": [],
            "dns_servers": [],
            "edge_zone": "",
            "encryption": [],
            "flow_timeout_in_minutes": 0,
            "guid": "ee4c0aaa-4a8c-4526-af9f-171ddda390de",
            "id": "/subscriptions/019b389a-bbcd-4a53-89ea-e65cbf7bce18/resourceGroups/frontend2325/providers/Microsoft.Network/virtualNetworks/ansumanapp-vnet",
            "location": "eastus",
            "name": "ansumanapp-vnet",
            "resource_group_name": "frontend2325",
            "subnet": [
              {
                "address_prefix": "10.4.1.0/24",
                "id": "/subscriptions/019b389a-bbcd-4a53-89ea-e65cbf7bce18/resourceGroups/frontend2325/providers/Microsoft.Network/virtualNetworks/ansumanapp-vnet/subnets/frontend-app",
                "name": "frontend-app",
                "security_group": ""
              },
              {
                "address_prefix": "10.4.2.0/24",
                "id": "/subscriptions/019b389a-bbcd-4a53-89ea-e65cbf7bce18/resourceGroups/frontend2325/providers/Microsoft.Network/virtualNetworks/ansumanapp-vnet/subnets/appgw-subnet",
                "name": "appgw-subnet",
                "security_group": ""
              }
            ],
            "tags": {},
            "timeouts": null
          },
          "sensitive_attributes": [],
          "private": "eyJlMmJmYjczMC1lY2FhLTExZTYtOGY4OC0zNDM2M2JjN2M0YzAiOnsiY3JlYXRlIjoxODAwMDAwMDAwMDAwLCJkZWxldGUiOjE4MDAwMDAwMDAwMDAsInJlYWQiOjMwMDAwMDAwMDAwMCwidXBkYXRlIjoxODAwMDAwMDAwMDAwfX0=",
          "dependencies": [
            "azurerm_resource_group.main"
          ]
        }
      ]
    }
  ],
  "check_results": null
}
